
Microsoft Visual Studio Solution File, Format Version 12.00
# Visual Studio 15
VisualStudioVersion = 15.0.27004.2005
MinimumVisualStudioVersion = 10.0.40219.1
Project("{FAE04EC0-301F-11D3-BF4B-00C04F79EFBC}") = "AngularToH", "AngularToH\AngularToH.csproj", "{91DB805C-FD34-47EC-8F0B-372171664E9B}"
EndProject
Global
	GlobalSection(SolutionConfigurationPlatforms) = preSolution
		Debug|Any CPU = Debug|Any CPU
		Release|Any CPU = Release|Any CPU
	EndGlobalSection
	GlobalSection(ProjectConfigurationPlatforms) = postSolution
		{91DB805C-FD34-47EC-8F0B-372171664E9B}.Debug|Any CPU.ActiveCfg = Debug|Any CPU
		{91DB805C-FD34-47EC-8F0B-372171664E9B}.Debug|Any CPU.Build.0 = Debug|Any CPU
		{91DB805C-FD34-47EC-8F0B-372171664E9B}.Release|Any CPU.ActiveCfg = Release|Any CPU
		{91DB805C-FD34-47EC-8F0B-372171664E9B}.Release|Any CPU.Build.0 = Release|Any CPU
	EndGlobalSection
	GlobalSection(SolutionProperties) = preSolution
		HideSolutionNode = FALSE
	EndGlobalSection
	GlobalSection(ExtensibilityGlobals) = postSolution
		SolutionGuid = {B7657C6B-B2A9-41C3-BBD8-C93857517FFA}
	EndGlobalSection
EndGlobal
